%{"connection": {:hex, :connection, "1.0.2"},
  "cowboy": {:hex, :cowboy, "1.0.4"},
  "cowlib": {:hex, :cowlib, "1.0.2"},
  "db_connection": {:hex, :db_connection, "0.2.4"},
  "decimal": {:hex, :decimal, "1.1.1"},
  "ecto": {:hex, :ecto, "1.1.5"},
  "fs": {:hex, :fs, "0.9.2"},
  "graphql": {:git, "https://github.com/graphql-elixir/graphql-elixir.git", "f960a1eeaf83bbddc99a8e973a62a4985ab1dd4f", []},
  "graphql_relay": {:hex, :graphql_relay, "0.0.13"},
  "phoenix": {:hex, :phoenix, "1.0.4"},
  "phoenix_ecto": {:hex, :phoenix_ecto, "1.2.0"},
  "phoenix_html": {:hex, :phoenix_html, "2.5.1"},
  "phoenix_live_reload": {:hex, :phoenix_live_reload, "1.0.3"},
  "plug": {:hex, :plug, "1.1.2"},
  "plug_graphql": {:git, "https://github.com/seanabrahams/plug_graphql.git", "b7d82a04b63a91a7f30c19f62cd765ce42a5cf4c", [branch: "relay"]},
  "poison": {:hex, :poison, "1.5.2"},
  "poolboy": {:hex, :poolboy, "1.5.1"},
  "postgrex": {:hex, :postgrex, "0.11.1"},
  "ranch": {:hex, :ranch, "1.2.1"}}
